
Microsoft Visual Studio Solution File, Format Version 12.00
# Visual Studio Version 17
VisualStudioVersion = 17.0.31903.59
MinimumVisualStudioVersion = 10.0.40219.1
Project("{FAE04EC0-301F-11D3-BF4B-00C04F79EFBC}") = "Ecom.Identity.API", "Ecom.Identity.API\Ecom.Identity.API.csproj", "{5A03730A-FE4D-4644-899D-15FFEF4BBCB7}"
EndProject
Project("{FAE04EC0-301F-11D3-BF4B-00C04F79EFBC}") = "Ecom.Identity.Domain", "Ecom.Identity.Domain\Ecom.Identity.Domain.csproj", "{298051D1-B00B-4889-B8FC-281F1C066596}"
EndProject
Project("{FAE04EC0-301F-11D3-BF4B-00C04F79EFBC}") = "Ecom.Identity.Infrastructure", "Ecom.Identity.Infrastructure\Ecom.Identity.Infrastructure.csproj", "{DF9ECC2A-CE28-46F4-9476-F661171C6E4D}"
EndProject
Project("{FAE04EC0-301F-11D3-BF4B-00C04F79EFBC}") = "Ecom.Identity.Tests.Integration", "Ecom.Identity.Tests.Integration\Ecom.Identity.Tests.Integration.csproj", "{2B8E7006-163B-4BEE-93B7-84B9A559C5EE}"
EndProject
Project("{FAE04EC0-301F-11D3-BF4B-00C04F79EFBC}") = "Ecom.Identity.Tests.Unit", "Ecom.Identity.Tests.Unit\Ecom.Identity.Tests.Unit.csproj", "{490E22F3-9028-4817-AECA-496FEA313D3D}"
EndProject
Project("{FAE04EC0-301F-11D3-BF4B-00C04F79EFBC}") = "Ecom.Identity.Application", "Ecom.Identity.Application\Ecom.Identity.Application.csproj", "{66CF6AB6-C8EA-4050-8D85-2D2FCB01D2EA}"
EndProject
Global
	GlobalSection(SolutionConfigurationPlatforms) = preSolution
		Debug|Any CPU = Debug|Any CPU
		Release|Any CPU = Release|Any CPU
	EndGlobalSection
	GlobalSection(SolutionProperties) = preSolution
		HideSolutionNode = FALSE
	EndGlobalSection
	GlobalSection(ProjectConfigurationPlatforms) = postSolution
		{5A03730A-FE4D-4644-899D-15FFEF4BBCB7}.Debug|Any CPU.ActiveCfg = Debug|Any CPU
		{5A03730A-FE4D-4644-899D-15FFEF4BBCB7}.Debug|Any CPU.Build.0 = Debug|Any CPU
		{5A03730A-FE4D-4644-899D-15FFEF4BBCB7}.Release|Any CPU.ActiveCfg = Release|Any CPU
		{5A03730A-FE4D-4644-899D-15FFEF4BBCB7}.Release|Any CPU.Build.0 = Release|Any CPU
		{298051D1-B00B-4889-B8FC-281F1C066596}.Debug|Any CPU.ActiveCfg = Debug|Any CPU
		{298051D1-B00B-4889-B8FC-281F1C066596}.Debug|Any CPU.Build.0 = Debug|Any CPU
		{298051D1-B00B-4889-B8FC-281F1C066596}.Release|Any CPU.ActiveCfg = Release|Any CPU
		{298051D1-B00B-4889-B8FC-281F1C066596}.Release|Any CPU.Build.0 = Release|Any CPU
		{DF9ECC2A-CE28-46F4-9476-F661171C6E4D}.Debug|Any CPU.ActiveCfg = Debug|Any CPU
		{DF9ECC2A-CE28-46F4-9476-F661171C6E4D}.Debug|Any CPU.Build.0 = Debug|Any CPU
		{DF9ECC2A-CE28-46F4-9476-F661171C6E4D}.Release|Any CPU.ActiveCfg = Release|Any CPU
		{DF9ECC2A-CE28-46F4-9476-F661171C6E4D}.Release|Any CPU.Build.0 = Release|Any CPU
		{2B8E7006-163B-4BEE-93B7-84B9A559C5EE}.Debug|Any CPU.ActiveCfg = Debug|Any CPU
		{2B8E7006-163B-4BEE-93B7-84B9A559C5EE}.Debug|Any CPU.Build.0 = Debug|Any CPU
		{2B8E7006-163B-4BEE-93B7-84B9A559C5EE}.Release|Any CPU.ActiveCfg = Release|Any CPU
		{2B8E7006-163B-4BEE-93B7-84B9A559C5EE}.Release|Any CPU.Build.0 = Release|Any CPU
		{490E22F3-9028-4817-AECA-496FEA313D3D}.Debug|Any CPU.ActiveCfg = Debug|Any CPU
		{490E22F3-9028-4817-AECA-496FEA313D3D}.Debug|Any CPU.Build.0 = Debug|Any CPU
		{490E22F3-9028-4817-AECA-496FEA313D3D}.Release|Any CPU.ActiveCfg = Release|Any CPU
		{490E22F3-9028-4817-AECA-496FEA313D3D}.Release|Any CPU.Build.0 = Release|Any CPU
		{66CF6AB6-C8EA-4050-8D85-2D2FCB01D2EA}.Debug|Any CPU.ActiveCfg = Debug|Any CPU
		{66CF6AB6-C8EA-4050-8D85-2D2FCB01D2EA}.Debug|Any CPU.Build.0 = Debug|Any CPU
		{66CF6AB6-C8EA-4050-8D85-2D2FCB01D2EA}.Release|Any CPU.ActiveCfg = Release|Any CPU
		{66CF6AB6-C8EA-4050-8D85-2D2FCB01D2EA}.Release|Any CPU.Build.0 = Release|Any CPU
	EndGlobalSection
EndGlobal
